
Microsoft Visual Studio Solution File, Format Version 12.00
# Visual Studio Version 16
VisualStudioVersion = 16.0.30804.86
MinimumVisualStudioVersion = 10.0.40219.1
Project("{9A19103F-16F7-4668-BE54-9A1E7A4F7556}") = "Service.External.Binance", "src\Service.External.Binance\Service.External.Binance.csproj", "{740DF849-06AA-448E-8B09-91ECA236A051}"
EndProject
Project("{9A19103F-16F7-4668-BE54-9A1E7A4F7556}") = "TestApp", "test\TestApp\TestApp.csproj", "{58D3C5BA-5D1D-48BA-9D51-482831254985}"
EndProject
Project("{2150E333-8FDC-42A3-9474-1A3956D46DE8}") = "10. Test", "10. Test", "{D11EB899-A148-4C9B-B340-B907EF71C4A2}"
EndProject
Project("{9A19103F-16F7-4668-BE54-9A1E7A4F7556}") = "Service.External.Binance.Client", "src\Service.External.Binance.Client\Service.External.Binance.Client.csproj", "{B64315EC-2356-4586-8A89-111D88A942B8}"
EndProject
Project("{2150E333-8FDC-42A3-9474-1A3956D46DE8}") = "05. Client", "05. Client", "{EB832FF1-4E01-40ED-BAC4-5ECF70F5C108}"
EndProject
Project("{9A19103F-16F7-4668-BE54-9A1E7A4F7556}") = "Service.External.Binance.Tests", "test\Service.External.Binance.Tests\Service.External.Binance.Tests.csproj", "{FF868A2B-24FA-42B0-8400-95EDEE689678}"
EndProject
Project("{2150E333-8FDC-42A3-9474-1A3956D46DE8}") = "Solution Items", "Solution Items", "{B4782F5A-5BF7-47AF-909D-FB579384CCA0}"
	ProjectSection(SolutionItems) = preProject
		.github\workflows\release-service.yml = .github\workflows\release-service.yml
	EndProjectSection
EndProject
Global
	GlobalSection(SolutionConfigurationPlatforms) = preSolution
		Debug|Any CPU = Debug|Any CPU
		Release|Any CPU = Release|Any CPU
	EndGlobalSection
	GlobalSection(ProjectConfigurationPlatforms) = postSolution
		{740DF849-06AA-448E-8B09-91ECA236A051}.Debug|Any CPU.ActiveCfg = Debug|Any CPU
		{740DF849-06AA-448E-8B09-91ECA236A051}.Debug|Any CPU.Build.0 = Debug|Any CPU
		{740DF849-06AA-448E-8B09-91ECA236A051}.Release|Any CPU.ActiveCfg = Release|Any CPU
		{740DF849-06AA-448E-8B09-91ECA236A051}.Release|Any CPU.Build.0 = Release|Any CPU
		{58D3C5BA-5D1D-48BA-9D51-482831254985}.Debug|Any CPU.ActiveCfg = Debug|Any CPU
		{58D3C5BA-5D1D-48BA-9D51-482831254985}.Debug|Any CPU.Build.0 = Debug|Any CPU
		{58D3C5BA-5D1D-48BA-9D51-482831254985}.Release|Any CPU.ActiveCfg = Release|Any CPU
		{58D3C5BA-5D1D-48BA-9D51-482831254985}.Release|Any CPU.Build.0 = Release|Any CPU
		{B64315EC-2356-4586-8A89-111D88A942B8}.Debug|Any CPU.ActiveCfg = Debug|Any CPU
		{B64315EC-2356-4586-8A89-111D88A942B8}.Debug|Any CPU.Build.0 = Debug|Any CPU
		{B64315EC-2356-4586-8A89-111D88A942B8}.Release|Any CPU.ActiveCfg = Release|Any CPU
		{B64315EC-2356-4586-8A89-111D88A942B8}.Release|Any CPU.Build.0 = Release|Any CPU
		{FF868A2B-24FA-42B0-8400-95EDEE689678}.Debug|Any CPU.ActiveCfg = Debug|Any CPU
		{FF868A2B-24FA-42B0-8400-95EDEE689678}.Debug|Any CPU.Build.0 = Debug|Any CPU
		{FF868A2B-24FA-42B0-8400-95EDEE689678}.Release|Any CPU.ActiveCfg = Release|Any CPU
		{FF868A2B-24FA-42B0-8400-95EDEE689678}.Release|Any CPU.Build.0 = Release|Any CPU
	EndGlobalSection
	GlobalSection(SolutionProperties) = preSolution
		HideSolutionNode = FALSE
	EndGlobalSection
	GlobalSection(NestedProjects) = preSolution
		{58D3C5BA-5D1D-48BA-9D51-482831254985} = {D11EB899-A148-4C9B-B340-B907EF71C4A2}
		{B64315EC-2356-4586-8A89-111D88A942B8} = {EB832FF1-4E01-40ED-BAC4-5ECF70F5C108}
		{FF868A2B-24FA-42B0-8400-95EDEE689678} = {D11EB899-A148-4C9B-B340-B907EF71C4A2}
	EndGlobalSection
	GlobalSection(ExtensibilityGlobals) = postSolution
		SolutionGuid = {6BF00C9D-AD55-40F2-8FE3-E5C3559B3E26}
	EndGlobalSection
EndGlobal
